{
  "name": "chess.gg",
  "lockfileVersion": 3,
  "requires": true,
  "packages": {
    "": {
      "dependencies": {
        "@ngrok/ngrok": "^1.6.1",
        "dotenv": "^17.2.3"
      }
    },
    "node_modules/@ngrok/ngrok": {
      "version": "1.6.1",
      "resolved": "https://registry.npmjs.org/@ngrok/ngrok/-/ngrok-1.6.1.tgz",
      "integrity": "sha512-VFNXErZkehAfw5JLdb4FhSsQug0QmCZSJu2uV8BIMipl78ZEi9U+iLWHDFokYHzC/7FjXOgXW+IXctxI4vys1g==",
      "license": "(MIT OR Apache-2.0)",
      "engines": {
        "node": ">= 10"
      },
      "optionalDependencies": {
        "@ngrok/ngrok-android-arm64": "1.6.1",
        "@ngrok/ngrok-darwin-arm64": "1.6.1",
        "@ngrok/ngrok-darwin-universal": "1.6.1",
        "@ngrok/ngrok-darwin-x64": "1.6.1",
        "@ngrok/ngrok-freebsd-x64": "1.6.1",
        "@ngrok/ngrok-linux-arm-gnueabihf": "1.6.1",
        "@ngrok/ngrok-linux-arm64-gnu": "1.6.1",
        "@ngrok/ngrok-linux-arm64-musl": "1.6.1",
        "@ngrok/ngrok-linux-x64-gnu": "1.6.1",
        "@ngrok/ngrok-linux-x64-musl": "1.6.1",
        "@ngrok/ngrok-win32-arm64-msvc": "1.6.1",
        "@ngrok/ngrok-win32-ia32-msvc": "1.6.1",
        "@ngrok/ngrok-win32-x64-msvc": "1.6.1"
      }
    },
    "node_modules/@ngrok/ngrok-android-arm64": {
      "version": "1.6.1",
      "resolved": "https://registry.npmjs.org/@ngrok/ngrok-android-arm64/-/ngrok-android-arm64-1.6.1.tgz",
      "integrity": "sha512-s9WOaXfXFKNQ+f55Y1FMd0cQLjWQ+gdZR6pFVDtuwkFVc3AkkbVepYXzXpUZ4CfBOXl13Y5o3r8PFNgSiFSwpw==",
      "cpu": [
        "arm64"
      ],
      "license": "MIT",
      "optional": true,
      "os": [
        "android"
      ],
      "engines": {
        "node": ">= 10"
      }
    },
    "node_modules/@ngrok/ngrok-darwin-arm64": {
      "version": "1.6.1",
      "resolved": "https://registry.npmjs.org/@ngrok/ngrok-darwin-arm64/-/ngrok-darwin-arm64-1.6.1.tgz",
      "integrity": "sha512-NKxjzd1JAhi1gtznvrfSmlMXhc6gboVMxpofOQaPzy+mYUn/5+w+wqV0AyehL303EM4jj5BG6G3JNZ+d4jUVcg==",
      "cpu": [
        "arm64"
      ],
      "license": "MIT",
      "optional": true,
      "os": [
        "darwin"
      ],
      "engines": {
        "node": ">= 10"
      }
    },
    "node_modules/@ngrok/ngrok-darwin-universal": {
      "version": "1.6.1",
      "resolved": "https://registry.npmjs.org/@ngrok/ngrok-darwin-universal/-/ngrok-darwin-universal-1.6.1.tgz",
      "integrity": "sha512-R5f/B7sdPGfmFr1pwAT0nt9SW0R9tkg3uh+70c9J+iNzI89Ff1pgSIK4MdWcqJIJdSvzejgZBgYtGun+pzPClA==",
      "license": "MIT",
      "optional": true,
      "os": [
        "darwin"
      ],
      "engines": {
        "node": ">= 10"
      }
    },
    "node_modules/@ngrok/ngrok-darwin-x64": {
      "version": "1.6.1",
      "resolved": "https://registry.npmjs.org/@ngrok/ngrok-darwin-x64/-/ngrok-darwin-x64-1.6.1.tgz",
      "integrity": "sha512-6btheHdzIBU0BShEqyiF4En5EPpXQ/zMqdfUgOen1RB1EOMgVqA3UKhTry1BlsKgBbFlhnA3ills0MGPxGHo+A==",
      "cpu": [
        "x64"
      ],
      "license": "MIT",
      "optional": true,
      "os": [
        "darwin"
      ],
      "engines": {
        "node": ">= 10"
      }
    },
    "node_modules/@ngrok/ngrok-freebsd-x64": {
      "version": "1.6.1",
      "resolved": "https://registry.npmjs.org/@ngrok/ngrok-freebsd-x64/-/ngrok-freebsd-x64-1.6.1.tgz",
      "integrity": "sha512-WFJQxM8bAdOyFZvcH+WJuO+/vUpswJ8pQMHDHFvkyTok4MYY7IntkP1HY3rw5zlsNz7OnBbx4ngDDEyAKLIiZA==",
      "cpu": [
        "x64"
      ],
      "license": "MIT",
      "optional": true,
      "os": [
        "freebsd"
      ],
      "engines": {
        "node": ">= 10"
      }
    },
    "node_modules/@ngrok/ngrok-linux-arm-gnueabihf": {
      "version": "1.6.1",
      "resolved": "https://registry.npmjs.org/@ngrok/ngrok-linux-arm-gnueabihf/-/ngrok-linux-arm-gnueabihf-1.6.1.tgz",
      "integrity": "sha512-iTH/g1ZGdmb1v8qPfRmgutt1mjcxxeBVpl3Eb1+LVjXC5VqNYN3QgZsl93XDU6YTQEnowgB8NunGnCxg6r4V+g==",
      "cpu": [
        "arm"
      ],
      "license": "MIT",
      "optional": true,
      "os": [
        "linux"
      ],
      "engines": {
        "node": ">= 10"
      }
    },
    "node_modules/@ngrok/ngrok-linux-arm64-gnu": {
      "version": "1.6.1",
      "resolved": "https://registry.npmjs.org/@ngrok/ngrok-linux-arm64-gnu/-/ngrok-linux-arm64-gnu-1.6.1.tgz",
      "integrity": "sha512-a4LRMFbn5nGwP1n8w54Td9OPmTgYz62IaUwgHzcnv8mzXq8YqR7bwjRtcASmLpqRRv2XM+E1bO5z2qtQEzT0qg==",
      "cpu": [
        "arm64"
      ],
      "license": "MIT",
      "optional": true,
      "os": [
        "linux"
      ],
      "engines": {
        "node": ">= 10"
      }
    },
    "node_modules/@ngrok/ngrok-linux-arm64-musl": {
      "version": "1.6.1",
      "resolved": "https://registry.npmjs.org/@ngrok/ngrok-linux-arm64-musl/-/ngrok-linux-arm64-musl-1.6.1.tgz",
      "integrity": "sha512-KMj0SN9haYfMKTuIufDQ4GkMwIB07anVsj4PZoBuy61CW45YgeLzU6XbqYF1bUwfSeHiTvz7MUZT1FDDQxJsKg==",
      "cpu": [
        "arm64"
      ],
      "license": "MIT",
      "optional": true,
      "os": [
        "linux"
      ],
      "engines": {
        "node": ">= 10"
      }
    },
    "node_modules/@ngrok/ngrok-linux-x64-gnu": {
      "version": "1.6.1",
      "resolved": "https://registry.npmjs.org/@ngrok/ngrok-linux-x64-gnu/-/ngrok-linux-x64-gnu-1.6.1.tgz",
      "integrity": "sha512-mjPC+XJazBuwXPD1VxbqrUKMigS7yJuqFq3waI9QjtiEUAVXk3lbouGfkR2UPXZ+soVhyh3amlthYGm/p3rzKA==",
      "cpu": [
        "x64"
      ],
      "license": "MIT",
      "optional": true,
      "os": [
        "linux"
      ],
      "engines": {
        "node": ">= 10"
      }
    },
    "node_modules/@ngrok/ngrok-linux-x64-musl": {
      "version": "1.6.1",
      "resolved": "https://registry.npmjs.org/@ngrok/ngrok-linux-x64-musl/-/ngrok-linux-x64-musl-1.6.1.tgz",
      "integrity": "sha512-n4GxqkqvTJp0mkFz2Qr4JTnJ//vIZa7wRQAWOL9P05zDFqiiBd3qHG5aVl6yBlN49lWMcZ1saI7A4OYyLOANlQ==",
      "cpu": [
        "x64"
      ],
      "license": "MIT",
      "optional": true,
      "os": [
        "linux"
      ],
      "engines": {
        "node": ">= 10"
      }
    },
    "node_modules/@ngrok/ngrok-win32-arm64-msvc": {
      "version": "1.6.1",
      "resolved": "https://registry.npmjs.org/@ngrok/ngrok-win32-arm64-msvc/-/ngrok-win32-arm64-msvc-1.6.1.tgz",
      "integrity": "sha512-9yR4ztXjVkzu6BwKxCNz7xXE4JKs1evF3+MFzy9aJvn7x0WBTj3I6pN8NQ8mUCsx817mjhgXrSnuWG3DUz4xTQ==",
      "cpu": [
        "arm64"
      ],
      "license": "MIT",
      "optional": true,
      "os": [
        "win32"
      ],
      "engines": {
        "node": ">= 10"
      }
    },
    "node_modules/@ngrok/ngrok-win32-ia32-msvc": {
      "version": "1.6.1",
      "resolved": "https://registry.npmjs.org/@ngrok/ngrok-win32-ia32-msvc/-/ngrok-win32-ia32-msvc-1.6.1.tgz",
      "integrity": "sha512-BpXjR6+Y6/gydEpdT5DBAyr7LBdW4KvtZ+5N2l4UTnH+j4yHyhQ0PZOKSOxLJToDobJcCRVQQuNn6Xdj7yVysw==",
      "cpu": [
        "ia32"
      ],
      "license": "MIT",
      "optional": true,
      "os": [
        "win32"
      ],
      "engines": {
        "node": ">= 10"
      }
    },
    "node_modules/@ngrok/ngrok-win32-x64-msvc": {
      "version": "1.6.1",
      "resolved": "https://registry.npmjs.org/@ngrok/ngrok-win32-x64-msvc/-/ngrok-win32-x64-msvc-1.6.1.tgz",
      "integrity": "sha512-zk4vA4JvRh7srIM3s9dDKFeaa9pjpEgVGku4+rZFI83o5ZvkQ1csRV+2nJIOKs5+hWVm0bIij2JLH+WvWcmPZQ==",
      "cpu": [
        "x64"
      ],
      "license": "MIT",
      "optional": true,
      "os": [
        "win32"
      ],
      "engines": {
        "node": ">= 10"
      }
    },
    "node_modules/dotenv": {
      "version": "17.2.3",
      "resolved": "https://registry.npmjs.org/dotenv/-/dotenv-17.2.3.tgz",
      "integrity": "sha512-JVUnt+DUIzu87TABbhPmNfVdBDt18BLOWjMUFJMSi/Qqg7NTYtabbvSNJGOJ7afbRuv9D/lngizHtP7QyLQ+9w==",
      "license": "BSD-2-Clause",
      "engines": {
        "node": ">=12"
      },
      "funding": {
        "url": "https://dotenvx.com"
      }
    }
  }
}
